// !$*UTF8*$!
{
	archiveVersion = 1;
	classes = {
	};
	objectVersion = 56;
	objects = {

/* Begin PBXBuildFile section */
		7B20D6ED2A98C9F500DDB1C9 /* DateString.swift in Sources */ = {isa = PBXBuildFile; fileRef = 7B20D6EC2A98C9F500DDB1C9 /* DateString.swift */; };
		7B20D6F02A98CD2F00DDB1C9 /* matches.json in Resources */ = {isa = PBXBuildFile; fileRef = 7B20D6EF2A98CD2F00DDB1C9 /* matches.json */; };
		7B20D6F22A98CFA400DDB1C9 /* ViewNavigationTitleColour.swift in Sources */ = {isa = PBXBuildFile; fileRef = 7B20D6F12A98CFA400DDB1C9 /* ViewNavigationTitleColour.swift */; };
		7B20D6F42A98DC9300DDB1C9 /* DateScrollbarView.swift in Sources */ = {isa = PBXBuildFile; fileRef = 7B20D6F32A98DC9300DDB1C9 /* DateScrollbarView.swift */; };
		7B23E3B92A45B0D100267C59 /* WomensWorldCup2023App.swift in Sources */ = {isa = PBXBuildFile; fileRef = 7B23E3B82A45B0D100267C59 /* WomensWorldCup2023App.swift */; };
		7B23E3BD2A45B0D400267C59 /* Assets.xcassets in Resources */ = {isa = PBXBuildFile; fileRef = 7B23E3BC2A45B0D400267C59 /* Assets.xcassets */; };
		7B23E3C02A45B0D400267C59 /* Preview Assets.xcassets in Resources */ = {isa = PBXBuildFile; fileRef = 7B23E3BF2A45B0D400267C59 /* Preview Assets.xcassets */; };
		7B23E3C82A45B14C00267C59 /* CountryEnum.swift in Sources */ = {isa = PBXBuildFile; fileRef = 7B23E3C72A45B14C00267C59 /* CountryEnum.swift */; };
		7B23E3CA2A45B15500267C59 /* TournamentStage.swift in Sources */ = {isa = PBXBuildFile; fileRef = 7B23E3C92A45B15500267C59 /* TournamentStage.swift */; };
		7B23E3CC2A45B15B00267C59 /* Match.swift in Sources */ = {isa = PBXBuildFile; fileRef = 7B23E3CB2A45B15B00267C59 /* Match.swift */; };
		7B23E3CE2A45B16200267C59 /* Stadium.swift in Sources */ = {isa = PBXBuildFile; fileRef = 7B23E3CD2A45B16200267C59 /* Stadium.swift */; };
		7B23E3D12A45B17F00267C59 /* StadiumMapView.swift in Sources */ = {isa = PBXBuildFile; fileRef = 7B23E3D02A45B17F00267C59 /* StadiumMapView.swift */; };
		7B23E3D32A45B18700267C59 /* StadiumInfo.swift in Sources */ = {isa = PBXBuildFile; fileRef = 7B23E3D22A45B18700267C59 /* StadiumInfo.swift */; };
		7B23E3D52A45B18F00267C59 /* MatchListRow.swift in Sources */ = {isa = PBXBuildFile; fileRef = 7B23E3D42A45B18F00267C59 /* MatchListRow.swift */; };
		7B23E3D72A45B19800267C59 /* StadiumDetailView.swift in Sources */ = {isa = PBXBuildFile; fileRef = 7B23E3D62A45B19800267C59 /* StadiumDetailView.swift */; };
		7B23E3DA2A45B28500267C59 /* MatchArray.swift in Sources */ = {isa = PBXBuildFile; fileRef = 7B23E3D92A45B28500267C59 /* MatchArray.swift */; };
		7B23E3DC2A45B3F300267C59 /* stadiums.json in Resources */ = {isa = PBXBuildFile; fileRef = 7B23E3DB2A45B3F300267C59 /* stadiums.json */; };
		7B23E3DF2A45DDD900267C59 /* Launch Screen.storyboard in Resources */ = {isa = PBXBuildFile; fileRef = 7B23E3DE2A45DDD900267C59 /* Launch Screen.storyboard */; };
		7B32AD062A556D8300C1EFFD /* GroupEnum.swift in Sources */ = {isa = PBXBuildFile; fileRef = 7B32AD052A556D8300C1EFFD /* GroupEnum.swift */; };
		7B32AD0B2A558DBB00C1EFFD /* ContentView.swift in Sources */ = {isa = PBXBuildFile; fileRef = 7B32AD0A2A558DBB00C1EFFD /* ContentView.swift */; };
		7B32AD0D2A558E2200C1EFFD /* MatchesOverviewView.swift in Sources */ = {isa = PBXBuildFile; fileRef = 7B32AD0C2A558E2200C1EFFD /* MatchesOverviewView.swift */; };
		7B32AD152A558EA300C1EFFD /* GroupsOverviewView.swift in Sources */ = {isa = PBXBuildFile; fileRef = 7B32AD142A558EA300C1EFFD /* GroupsOverviewView.swift */; };
		7B32AD182A55B20600C1EFFD /* TeamsOverviewView.swift in Sources */ = {isa = PBXBuildFile; fileRef = 7B32AD172A55B20600C1EFFD /* TeamsOverviewView.swift */; };
		7B32AD1A2A55B3E100C1EFFD /* TeamItemView.swift in Sources */ = {isa = PBXBuildFile; fileRef = 7B32AD192A55B3E100C1EFFD /* TeamItemView.swift */; };
		7B32AD1C2A55B5A100C1EFFD /* countries.json in Resources */ = {isa = PBXBuildFile; fileRef = 7B32AD1B2A55B5A100C1EFFD /* countries.json */; };
		7B32AD202A55B84900C1EFFD /* CountryArray.swift in Sources */ = {isa = PBXBuildFile; fileRef = 7B32AD1F2A55B84900C1EFFD /* CountryArray.swift */; };
		7B9BC9772A617BA30082CF5C /* groups.json in Resources */ = {isa = PBXBuildFile; fileRef = 7B9BC9762A617BA30082CF5C /* groups.json */; };
		7B9BC97A2A617E500082CF5C /* Group.swift in Sources */ = {isa = PBXBuildFile; fileRef = 7B9BC9792A617E500082CF5C /* Group.swift */; };
		7B9BC97C2A617F1F0082CF5C /* Country.swift in Sources */ = {isa = PBXBuildFile; fileRef = 7B9BC97B2A617F1F0082CF5C /* Country.swift */; };
		7BF371C22A9F55E800FA7E3B /* DateScrollbarItemView.swift in Sources */ = {isa = PBXBuildFile; fileRef = 7BF371C12A9F55E800FA7E3B /* DateScrollbarItemView.swift */; };
		7BF371C42A9F615000FA7E3B /* MatchDateSectionView.swift in Sources */ = {isa = PBXBuildFile; fileRef = 7BF371C32A9F615000FA7E3B /* MatchDateSectionView.swift */; };
		7BFA38602A7D27A400440F31 /* GroupView.swift in Sources */ = {isa = PBXBuildFile; fileRef = 7BFA385F2A7D27A400440F31 /* GroupView.swift */; };
		7BFA38622A7D288100440F31 /* GroupArray.swift in Sources */ = {isa = PBXBuildFile; fileRef = 7BFA38612A7D288100440F31 /* GroupArray.swift */; };
		7BFA38642A7D34E500440F31 /* GroupRow.swift in Sources */ = {isa = PBXBuildFile; fileRef = 7BFA38632A7D34E500440F31 /* GroupRow.swift */; };
		BF48DAB52B45A572009D55FC /* DecodableLoadData.swift in Sources */ = {isa = PBXBuildFile; fileRef = BF48DAB42B45A572009D55FC /* DecodableLoadData.swift */; };
		BF48DAB72B45A83B009D55FC /* FavouritesTracker.swift in Sources */ = {isa = PBXBuildFile; fileRef = BF48DAB62B45A83B009D55FC /* FavouritesTracker.swift */; };
		BF48DABA2B45AA1B009D55FC /* Favouritable.swift in Sources */ = {isa = PBXBuildFile; fileRef = BF48DAB92B45AA1B009D55FC /* Favouritable.swift */; };
		BFC82C762B04F650006D38AC /* FavouritesOverviewView.swift in Sources */ = {isa = PBXBuildFile; fileRef = BFC82C752B04F650006D38AC /* FavouritesOverviewView.swift */; };
		BFC82C792B04FA32006D38AC /* ToolbarFavouriteButton.swift in Sources */ = {isa = PBXBuildFile; fileRef = BFC82C782B04FA32006D38AC /* ToolbarFavouriteButton.swift */; };
		BFC82C7B2B04FDE8006D38AC /* FavouriteTeamsView.swift in Sources */ = {isa = PBXBuildFile; fileRef = BFC82C7A2B04FDE8006D38AC /* FavouriteTeamsView.swift */; };
		BFC82C7D2B04FED3006D38AC /* TeamRowView.swift in Sources */ = {isa = PBXBuildFile; fileRef = BFC82C7C2B04FED3006D38AC /* TeamRowView.swift */; };
		BFC82C7F2B05041A006D38AC /* FavouriteStadiumsView.swift in Sources */ = {isa = PBXBuildFile; fileRef = BFC82C7E2B05041A006D38AC /* FavouriteStadiumsView.swift */; };
		BFC82C812B05047F006D38AC /* StadiumRowView.swift in Sources */ = {isa = PBXBuildFile; fileRef = BFC82C802B05047F006D38AC /* StadiumRowView.swift */; };
		BFC82C832B0507AC006D38AC /* FavouriteMatchesView.swift in Sources */ = {isa = PBXBuildFile; fileRef = BFC82C822B0507AC006D38AC /* FavouriteMatchesView.swift */; };
/* End PBXBuildFile section */

/* Begin PBXFileReference section */
		7B20D6EC2A98C9F500DDB1C9 /* DateString.swift */ = {isa = PBXFileReference; lastKnownFileType = sourcecode.swift; path = DateString.swift; sourceTree = "<group>"; };
		7B20D6EF2A98CD2F00DDB1C9 /* matches.json */ = {isa = PBXFileReference; lastKnownFileType = text.json; path = matches.json; sourceTree = "<group>"; };
		7B20D6F12A98CFA400DDB1C9 /* ViewNavigationTitleColour.swift */ = {isa = PBXFileReference; lastKnownFileType = sourcecode.swift; path = ViewNavigationTitleColour.swift; sourceTree = "<group>"; };
		7B20D6F32A98DC9300DDB1C9 /* DateScrollbarView.swift */ = {isa = PBXFileReference; lastKnownFileType = sourcecode.swift; path = DateScrollbarView.swift; sourceTree = "<group>"; };
		7B23E3B52A45B0D100267C59 /* WomensWorldCup2023.app */ = {isa = PBXFileReference; explicitFileType = wrapper.application; includeInIndex = 0; path = WomensWorldCup2023.app; sourceTree = BUILT_PRODUCTS_DIR; };
		7B23E3B82A45B0D100267C59 /* WomensWorldCup2023App.swift */ = {isa = PBXFileReference; lastKnownFileType = sourcecode.swift; path = WomensWorldCup2023App.swift; sourceTree = "<group>"; };
		7B23E3BC2A45B0D400267C59 /* Assets.xcassets */ = {isa = PBXFileReference; lastKnownFileType = folder.assetcatalog; path = Assets.xcassets; sourceTree = "<group>"; };
		7B23E3BF2A45B0D400267C59 /* Preview Assets.xcassets */ = {isa = PBXFileReference; lastKnownFileType = folder.assetcatalog; path = "Preview Assets.xcassets"; sourceTree = "<group>"; };
		7B23E3C72A45B14C00267C59 /* CountryEnum.swift */ = {isa = PBXFileReference; lastKnownFileType = sourcecode.swift; path = CountryEnum.swift; sourceTree = "<group>"; };
		7B23E3C92A45B15500267C59 /* TournamentStage.swift */ = {isa = PBXFileReference; lastKnownFileType = sourcecode.swift; path = TournamentStage.swift; sourceTree = "<group>"; };
		7B23E3CB2A45B15B00267C59 /* Match.swift */ = {isa = PBXFileReference; lastKnownFileType = sourcecode.swift; path = Match.swift; sourceTree = "<group>"; };
		7B23E3CD2A45B16200267C59 /* Stadium.swift */ = {isa = PBXFileReference; lastKnownFileType = sourcecode.swift; path = Stadium.swift; sourceTree = "<group>"; };
		7B23E3D02A45B17F00267C59 /* StadiumMapView.swift */ = {isa = PBXFileReference; lastKnownFileType = sourcecode.swift; path = StadiumMapView.swift; sourceTree = "<group>"; };
		7B23E3D22A45B18700267C59 /* StadiumInfo.swift */ = {isa = PBXFileReference; lastKnownFileType = sourcecode.swift; path = StadiumInfo.swift; sourceTree = "<group>"; };
		7B23E3D42A45B18F00267C59 /* MatchListRow.swift */ = {isa = PBXFileReference; lastKnownFileType = sourcecode.swift; path = MatchListRow.swift; sourceTree = "<group>"; };
		7B23E3D62A45B19800267C59 /* StadiumDetailView.swift */ = {isa = PBXFileReference; lastKnownFileType = sourcecode.swift; path = StadiumDetailView.swift; sourceTree = "<group>"; };
		7B23E3D92A45B28500267C59 /* MatchArray.swift */ = {isa = PBXFileReference; lastKnownFileType = sourcecode.swift; path = MatchArray.swift; sourceTree = "<group>"; };
		7B23E3DB2A45B3F300267C59 /* stadiums.json */ = {isa = PBXFileReference; lastKnownFileType = text.json; path = stadiums.json; sourceTree = "<group>"; };
		7B23E3DD2A45DCCE00267C59 /* Info.plist */ = {isa = PBXFileReference; lastKnownFileType = text.plist; path = Info.plist; sourceTree = "<group>"; };
		7B23E3DE2A45DDD900267C59 /* Launch Screen.storyboard */ = {isa = PBXFileReference; lastKnownFileType = file.storyboard; path = "Launch Screen.storyboard"; sourceTree = "<group>"; };
		7B32AD052A556D8300C1EFFD /* GroupEnum.swift */ = {isa = PBXFileReference; lastKnownFileType = sourcecode.swift; path = GroupEnum.swift; sourceTree = "<group>"; };
		7B32AD0A2A558DBB00C1EFFD /* ContentView.swift */ = {isa = PBXFileReference; lastKnownFileType = sourcecode.swift; path = ContentView.swift; sourceTree = "<group>"; };
		7B32AD0C2A558E2200C1EFFD /* MatchesOverviewView.swift */ = {isa = PBXFileReference; lastKnownFileType = sourcecode.swift; path = MatchesOverviewView.swift; sourceTree = "<group>"; };
		7B32AD142A558EA300C1EFFD /* GroupsOverviewView.swift */ = {isa = PBXFileReference; lastKnownFileType = sourcecode.swift; path = GroupsOverviewView.swift; sourceTree = "<group>"; };
		7B32AD172A55B20600C1EFFD /* TeamsOverviewView.swift */ = {isa = PBXFileReference; lastKnownFileType = sourcecode.swift; path = TeamsOverviewView.swift; sourceTree = "<group>"; };
		7B32AD192A55B3E100C1EFFD /* TeamItemView.swift */ = {isa = PBXFileReference; lastKnownFileType = sourcecode.swift; path = TeamItemView.swift; sourceTree = "<group>"; };
		7B32AD1B2A55B5A100C1EFFD /* countries.json */ = {isa = PBXFileReference; lastKnownFileType = text.json; path = countries.json; sourceTree = "<group>"; };
		7B32AD1F2A55B84900C1EFFD /* CountryArray.swift */ = {isa = PBXFileReference; lastKnownFileType = sourcecode.swift; path = CountryArray.swift; sourceTree = "<group>"; };
		7B9BC9762A617BA30082CF5C /* groups.json */ = {isa = PBXFileReference; lastKnownFileType = text.json; path = groups.json; sourceTree = "<group>"; };
		7B9BC9792A617E500082CF5C /* Group.swift */ = {isa = PBXFileReference; lastKnownFileType = sourcecode.swift; path = Group.swift; sourceTree = "<group>"; };
		7B9BC97B2A617F1F0082CF5C /* Country.swift */ = {isa = PBXFileReference; lastKnownFileType = sourcecode.swift; path = Country.swift; sourceTree = "<group>"; };
		7BF371C12A9F55E800FA7E3B /* DateScrollbarItemView.swift */ = {isa = PBXFileReference; lastKnownFileType = sourcecode.swift; path = DateScrollbarItemView.swift; sourceTree = "<group>"; };
		7BF371C32A9F615000FA7E3B /* MatchDateSectionView.swift */ = {isa = PBXFileReference; lastKnownFileType = sourcecode.swift; path = MatchDateSectionView.swift; sourceTree = "<group>"; };
		7BFA385F2A7D27A400440F31 /* GroupView.swift */ = {isa = PBXFileReference; lastKnownFileType = sourcecode.swift; path = GroupView.swift; sourceTree = "<group>"; };
		7BFA38612A7D288100440F31 /* GroupArray.swift */ = {isa = PBXFileReference; lastKnownFileType = sourcecode.swift; path = GroupArray.swift; sourceTree = "<group>"; };
		7BFA38632A7D34E500440F31 /* GroupRow.swift */ = {isa = PBXFileReference; lastKnownFileType = sourcecode.swift; path = GroupRow.swift; sourceTree = "<group>"; };
		BF48DAB42B45A572009D55FC /* DecodableLoadData.swift */ = {isa = PBXFileReference; lastKnownFileType = sourcecode.swift; path = DecodableLoadData.swift; sourceTree = "<group>"; };
		BF48DAB62B45A83B009D55FC /* FavouritesTracker.swift */ = {isa = PBXFileReference; lastKnownFileType = sourcecode.swift; path = FavouritesTracker.swift; sourceTree = "<group>"; };
		BF48DAB92B45AA1B009D55FC /* Favouritable.swift */ = {isa = PBXFileReference; lastKnownFileType = sourcecode.swift; path = Favouritable.swift; sourceTree = "<group>"; };
		BFC82C752B04F650006D38AC /* FavouritesOverviewView.swift */ = {isa = PBXFileReference; lastKnownFileType = sourcecode.swift; path = FavouritesOverviewView.swift; sourceTree = "<group>"; };
		BFC82C782B04FA32006D38AC /* ToolbarFavouriteButton.swift */ = {isa = PBXFileReference; lastKnownFileType = sourcecode.swift; path = ToolbarFavouriteButton.swift; sourceTree = "<group>"; };
		BFC82C7A2B04FDE8006D38AC /* FavouriteTeamsView.swift */ = {isa = PBXFileReference; lastKnownFileType = sourcecode.swift; path = FavouriteTeamsView.swift; sourceTree = "<group>"; };
		BFC82C7C2B04FED3006D38AC /* TeamRowView.swift */ = {isa = PBXFileReference; lastKnownFileType = sourcecode.swift; path = TeamRowView.swift; sourceTree = "<group>"; };
		BFC82C7E2B05041A006D38AC /* FavouriteStadiumsView.swift */ = {isa = PBXFileReference; lastKnownFileType = sourcecode.swift; path = FavouriteStadiumsView.swift; sourceTree = "<group>"; };
		BFC82C802B05047F006D38AC /* StadiumRowView.swift */ = {isa = PBXFileReference; lastKnownFileType = sourcecode.swift; path = StadiumRowView.swift; sourceTree = "<group>"; };
		BFC82C822B0507AC006D38AC /* FavouriteMatchesView.swift */ = {isa = PBXFileReference; lastKnownFileType = sourcecode.swift; path = FavouriteMatchesView.swift; sourceTree = "<group>"; };
/* End PBXFileReference section */

/* Begin PBXFrameworksBuildPhase section */
		7B23E3B22A45B0D100267C59 /* Frameworks */ = {
			isa = PBXFrameworksBuildPhase;
			buildActionMask = 2147483647;
			files = (
			);
			runOnlyForDeploymentPostprocessing = 0;
		};
/* End PBXFrameworksBuildPhase section */

/* Begin PBXGroup section */
		7B23E3AC2A45B0D100267C59 = {
			isa = PBXGroup;
			children = (
				7B23E3B72A45B0D100267C59 /* WomensWorldCup2023 */,
				7B23E3B62A45B0D100267C59 /* Products */,
			);
			sourceTree = "<group>";
		};
		7B23E3B62A45B0D100267C59 /* Products */ = {
			isa = PBXGroup;
			children = (
				7B23E3B52A45B0D100267C59 /* WomensWorldCup2023.app */,
			);
			name = Products;
			sourceTree = "<group>";
		};
		7B23E3B72A45B0D100267C59 /* WomensWorldCup2023 */ = {
			isa = PBXGroup;
			children = (
				BF48DAB82B45A840009D55FC /* Shared Data */,
				7B23E3DE2A45DDD900267C59 /* Launch Screen.storyboard */,
				7B23E3DD2A45DCCE00267C59 /* Info.plist */,
				7B23E3D82A45B27C00267C59 /* Extensions */,
				7B23E3B82A45B0D100267C59 /* WomensWorldCup2023App.swift */,
				7B23E3C62A45B13700267C59 /* Models */,
				7B23E3CF2A45B16800267C59 /* Views */,
				7B23E3BC2A45B0D400267C59 /* Assets.xcassets */,
				7B32AD072A556F1900C1EFFD /* JSON data */,
				7B23E3BE2A45B0D400267C59 /* Preview Content */,
			);
			path = WomensWorldCup2023;
			sourceTree = "<group>";
		};
		7B23E3BE2A45B0D400267C59 /* Preview Content */ = {
			isa = PBXGroup;
			children = (
				7B23E3BF2A45B0D400267C59 /* Preview Assets.xcassets */,
			);
			path = "Preview Content";
			sourceTree = "<group>";
		};
		7B23E3C62A45B13700267C59 /* Models */ = {
			isa = PBXGroup;
			children = (
				7B9BC9782A617E130082CF5C /* Enums */,
				7B23E3C92A45B15500267C59 /* TournamentStage.swift */,
				7B23E3CB2A45B15B00267C59 /* Match.swift */,
				7B23E3CD2A45B16200267C59 /* Stadium.swift */,
				7B9BC9792A617E500082CF5C /* Group.swift */,
				7B9BC97B2A617F1F0082CF5C /* Country.swift */,
				BF48DAB92B45AA1B009D55FC /* Favouritable.swift */,
			);
			path = Models;
			sourceTree = "<group>";
		};
		7B23E3CF2A45B16800267C59 /* Views */ = {
			isa = PBXGroup;
			children = (
				7B32AD0A2A558DBB00C1EFFD /* ContentView.swift */,
				BFC82C772B04FA17006D38AC /* Reusable views */,
				7B32AD0E2A558E3900C1EFFD /* Matches tab */,
				7B32AD102A558E5100C1EFFD /* Groups tab */,
				7B32AD162A55B1E900C1EFFD /* Teams tab */,
				7B32AD0F2A558E4100C1EFFD /* Stadiums tab */,
				BFC82C742B04F609006D38AC /* Favourites */,
			);
			path = Views;
			sourceTree = "<group>";
		};
		7B23E3D82A45B27C00267C59 /* Extensions */ = {
			isa = PBXGroup;
			children = (
				7B23E3D92A45B28500267C59 /* MatchArray.swift */,
				7B32AD1F2A55B84900C1EFFD /* CountryArray.swift */,
				7BFA38612A7D288100440F31 /* GroupArray.swift */,
				7B20D6EC2A98C9F500DDB1C9 /* DateString.swift */,
				7B20D6F12A98CFA400DDB1C9 /* ViewNavigationTitleColour.swift */,
				BF48DAB42B45A572009D55FC /* DecodableLoadData.swift */,
			);
			path = Extensions;
			sourceTree = "<group>";
		};
		7B32AD072A556F1900C1EFFD /* JSON data */ = {
			isa = PBXGroup;
			children = (
				7B23E3DB2A45B3F300267C59 /* stadiums.json */,
				7B9BC9762A617BA30082CF5C /* groups.json */,
				7B32AD1B2A55B5A100C1EFFD /* countries.json */,
				7B20D6EF2A98CD2F00DDB1C9 /* matches.json */,
			);
			path = "JSON data";
			sourceTree = "<group>";
		};
		7B32AD0E2A558E3900C1EFFD /* Matches tab */ = {
			isa = PBXGroup;
			children = (
				7B32AD0C2A558E2200C1EFFD /* MatchesOverviewView.swift */,
				7B20D6F32A98DC9300DDB1C9 /* DateScrollbarView.swift */,
				7BF371C12A9F55E800FA7E3B /* DateScrollbarItemView.swift */,
				7BF371C32A9F615000FA7E3B /* MatchDateSectionView.swift */,
			);
			path = "Matches tab";
			sourceTree = "<group>";
		};
		7B32AD0F2A558E4100C1EFFD /* Stadiums tab */ = {
			isa = PBXGroup;
			children = (
				7B23E3D02A45B17F00267C59 /* StadiumMapView.swift */,
				7B23E3D22A45B18700267C59 /* StadiumInfo.swift */,
				7B23E3D62A45B19800267C59 /* StadiumDetailView.swift */,
			);
			path = "Stadiums tab";
			sourceTree = "<group>";
		};
		7B32AD102A558E5100C1EFFD /* Groups tab */ = {
			isa = PBXGroup;
			children = (
				7B32AD142A558EA300C1EFFD /* GroupsOverviewView.swift */,
				7BFA385F2A7D27A400440F31 /* GroupView.swift */,
				7BFA38632A7D34E500440F31 /* GroupRow.swift */,
			);
			path = "Groups tab";
			sourceTree = "<group>";
		};
		7B32AD162A55B1E900C1EFFD /* Teams tab */ = {
			isa = PBXGroup;
			children = (
				7B32AD172A55B20600C1EFFD /* TeamsOverviewView.swift */,
				7B32AD192A55B3E100C1EFFD /* TeamItemView.swift */,
			);
			path = "Teams tab";
			sourceTree = "<group>";
		};
		7B9BC9782A617E130082CF5C /* Enums */ = {
			isa = PBXGroup;
			children = (
				7B23E3C72A45B14C00267C59 /* CountryEnum.swift */,
				7B32AD052A556D8300C1EFFD /* GroupEnum.swift */,
			);
			path = Enums;
			sourceTree = "<group>";
		};
		BF48DAB82B45A840009D55FC /* Shared Data */ = {
			isa = PBXGroup;
			children = (
				BF48DAB62B45A83B009D55FC /* FavouritesTracker.swift */,
			);
			path = "Shared Data";
			sourceTree = "<group>";
		};
		BFC82C742B04F609006D38AC /* Favourites */ = {
			isa = PBXGroup;
			children = (
				BFC82C752B04F650006D38AC /* FavouritesOverviewView.swift */,
				BFC82C7A2B04FDE8006D38AC /* FavouriteTeamsView.swift */,
				BFC82C7C2B04FED3006D38AC /* TeamRowView.swift */,
				BFC82C7E2B05041A006D38AC /* FavouriteStadiumsView.swift */,
				BFC82C802B05047F006D38AC /* StadiumRowView.swift */,
				BFC82C822B0507AC006D38AC /* FavouriteMatchesView.swift */,
			);
			path = Favourites;
			sourceTree = "<group>";
		};
		BFC82C772B04FA17006D38AC /* Reusable views */ = {
			isa = PBXGroup;
			children = (
				7B23E3D42A45B18F00267C59 /* MatchListRow.swift */,
				BFC82C782B04FA32006D38AC /* ToolbarFavouriteButton.swift */,
			);
			path = "Reusable views";
			sourceTree = "<group>";
		};
/* End PBXGroup section */

/* Begin PBXNativeTarget section */
		7B23E3B42A45B0D100267C59 /* WomensWorldCup2023 */ = {
			isa = PBXNativeTarget;
			buildConfigurationList = 7B23E3C32A45B0D400267C59 /* Build configuration list for PBXNativeTarget "WomensWorldCup2023" */;
			buildPhases = (
				7B23E3B12A45B0D100267C59 /* Sources */,
				7B23E3B22A45B0D100267C59 /* Frameworks */,
				7B23E3B32A45B0D100267C59 /* Resources */,
			);
			buildRules = (
			);
			dependencies = (
			);
			name = WomensWorldCup2023;
			productName = WomensWorldCup2023;
			productReference = 7B23E3B52A45B0D100267C59 /* WomensWorldCup2023.app */;
			productType = "com.apple.product-type.application";
		};
/* End PBXNativeTarget section */

/* Begin PBXProject section */
		7B23E3AD2A45B0D100267C59 /* Project object */ = {
			isa = PBXProject;
			attributes = {
				BuildIndependentTargetsInParallel = 1;
				LastSwiftUpdateCheck = 1430;
				LastUpgradeCheck = 1500;
				TargetAttributes = {
					7B23E3B42A45B0D100267C59 = {
						CreatedOnToolsVersion = 14.3;
					};
				};
			};
			buildConfigurationList = 7B23E3B02A45B0D100267C59 /* Build configuration list for PBXProject "WomensWorldCup2023" */;
			compatibilityVersion = "Xcode 14.0";
			developmentRegion = en;
			hasScannedForEncodings = 0;
			knownRegions = (
				en,
				Base,
			);
			mainGroup = 7B23E3AC2A45B0D100267C59;
			productRefGroup = 7B23E3B62A45B0D100267C59 /* Products */;
			projectDirPath = "";
			projectRoot = "";
			targets = (
				7B23E3B42A45B0D100267C59 /* WomensWorldCup2023 */,
			);
		};
/* End PBXProject section */

/* Begin PBXResourcesBuildPhase section */
		7B23E3B32A45B0D100267C59 /* Resources */ = {
			isa = PBXResourcesBuildPhase;
			buildActionMask = 2147483647;
			files = (
				7B23E3C02A45B0D400267C59 /* Preview Assets.xcassets in Resources */,
				7B9BC9772A617BA30082CF5C /* groups.json in Resources */,
				7B23E3DC2A45B3F300267C59 /* stadiums.json in Resources */,
				7B23E3DF2A45DDD900267C59 /* Launch Screen.storyboard in Resources */,
				7B32AD1C2A55B5A100C1EFFD /* countries.json in Resources */,
				7B20D6F02A98CD2F00DDB1C9 /* matches.json in Resources */,
				7B23E3BD2A45B0D400267C59 /* Assets.xcassets in Resources */,
			);
			runOnlyForDeploymentPostprocessing = 0;
		};
/* End PBXResourcesBuildPhase section */

/* Begin PBXSourcesBuildPhase section */
		7B23E3B12A45B0D100267C59 /* Sources */ = {
			isa = PBXSourcesBuildPhase;
			buildActionMask = 2147483647;
			files = (
				7BF371C42A9F615000FA7E3B /* MatchDateSectionView.swift in Sources */,
				7B32AD062A556D8300C1EFFD /* GroupEnum.swift in Sources */,
				7BFA38622A7D288100440F31 /* GroupArray.swift in Sources */,
				7BFA38642A7D34E500440F31 /* GroupRow.swift in Sources */,
				BFC82C832B0507AC006D38AC /* FavouriteMatchesView.swift in Sources */,
				7BF371C22A9F55E800FA7E3B /* DateScrollbarItemView.swift in Sources */,
				BF48DAB52B45A572009D55FC /* DecodableLoadData.swift in Sources */,
				7B23E3D12A45B17F00267C59 /* StadiumMapView.swift in Sources */,
				BFC82C812B05047F006D38AC /* StadiumRowView.swift in Sources */,
				7BFA38602A7D27A400440F31 /* GroupView.swift in Sources */,
				7B32AD0D2A558E2200C1EFFD /* MatchesOverviewView.swift in Sources */,
				7B20D6F22A98CFA400DDB1C9 /* ViewNavigationTitleColour.swift in Sources */,
				7B32AD0B2A558DBB00C1EFFD /* ContentView.swift in Sources */,
				BF48DAB72B45A83B009D55FC /* FavouritesTracker.swift in Sources */,
				7B23E3D72A45B19800267C59 /* StadiumDetailView.swift in Sources */,
				7B23E3CE2A45B16200267C59 /* Stadium.swift in Sources */,
				7B9BC97A2A617E500082CF5C /* Group.swift in Sources */,
				7B23E3CA2A45B15500267C59 /* TournamentStage.swift in Sources */,
				BFC82C7D2B04FED3006D38AC /* TeamRowView.swift in Sources */,
				7B9BC97C2A617F1F0082CF5C /* Country.swift in Sources */,
				7B23E3C82A45B14C00267C59 /* CountryEnum.swift in Sources */,
				7B20D6ED2A98C9F500DDB1C9 /* DateString.swift in Sources */,
				7B32AD1A2A55B3E100C1EFFD /* TeamItemView.swift in Sources */,
				7B32AD202A55B84900C1EFFD /* CountryArray.swift in Sources */,
				7B23E3DA2A45B28500267C59 /* MatchArray.swift in Sources */,
				BFC82C7F2B05041A006D38AC /* FavouriteStadiumsView.swift in Sources */,
				BFC82C762B04F650006D38AC /* FavouritesOverviewView.swift in Sources */,
				7B20D6F42A98DC9300DDB1C9 /* DateScrollbarView.swift in Sources */,
				BF48DABA2B45AA1B009D55FC /* Favouritable.swift in Sources */,
				7B23E3CC2A45B15B00267C59 /* Match.swift in Sources */,
				BFC82C792B04FA32006D38AC /* ToolbarFavouriteButton.swift in Sources */,
				7B23E3D52A45B18F00267C59 /* MatchListRow.swift in Sources */,
				7B23E3B92A45B0D100267C59 /* WomensWorldCup2023App.swift in Sources */,
				7B23E3D32A45B18700267C59 /* StadiumInfo.swift in Sources */,
				7B32AD182A55B20600C1EFFD /* TeamsOverviewView.swift in Sources */,
				7B32AD152A558EA300C1EFFD /* GroupsOverviewView.swift in Sources */,
				BFC82C7B2B04FDE8006D38AC /* FavouriteTeamsView.swift in Sources */,
			);
			runOnlyForDeploymentPostprocessing = 0;
		};
/* End PBXSourcesBuildPhase section */

/* Begin XCBuildConfiguration section */
		7B23E3C12A45B0D400267C59 /* Debug */ = {
			isa = XCBuildConfiguration;
			buildSettings = {
				ALWAYS_SEARCH_USER_PATHS = NO;
				CLANG_ANALYZER_NONNULL = YES;
				CLANG_ANALYZER_NUMBER_OBJECT_CONVERSION = YES_AGGRESSIVE;
				CLANG_CXX_LANGUAGE_STANDARD = "gnu++20";
				CLANG_ENABLE_MODULES = YES;
				CLANG_ENABLE_OBJC_ARC = YES;
				CLANG_ENABLE_OBJC_WEAK = YES;
				CLANG_WARN_BLOCK_CAPTURE_AUTORELEASING = YES;
				CLANG_WARN_BOOL_CONVERSION = YES;
				CLANG_WARN_COMMA = YES;
				CLANG_WARN_CONSTANT_CONVERSION = YES;
				CLANG_WARN_DEPRECATED_OBJC_IMPLEMENTATIONS = YES;
				CLANG_WARN_DIRECT_OBJC_ISA_USAGE = YES_ERROR;
				CLANG_WARN_DOCUMENTATION_COMMENTS = YES;
				CLANG_WARN_EMPTY_BODY = YES;
				CLANG_WARN_ENUM_CONVERSION = YES;
				CLANG_WARN_INFINITE_RECURSION = YES;
				CLANG_WARN_INT_CONVERSION = YES;
				CLANG_WARN_NON_LITERAL_NULL_CONVERSION = YES;
				CLANG_WARN_OBJC_IMPLICIT_RETAIN_SELF = YES;
				CLANG_WARN_OBJC_LITERAL_CONVERSION = YES;
				CLANG_WARN_OBJC_ROOT_CLASS = YES_ERROR;
				CLANG_WARN_QUOTED_INCLUDE_IN_FRAMEWORK_HEADER = YES;
				CLANG_WARN_RANGE_LOOP_ANALYSIS = YES;
				CLANG_WARN_STRICT_PROTOTYPES = YES;
				CLANG_WARN_SUSPICIOUS_MOVE = YES;
				CLANG_WARN_UNGUARDED_AVAILABILITY = YES_AGGRESSIVE;
				CLANG_WARN_UNREACHABLE_CODE = YES;
				CLANG_WARN__DUPLICATE_METHOD_MATCH = YES;
				COPY_PHASE_STRIP = NO;
				DEBUG_INFORMATION_FORMAT = dwarf;
				ENABLE_STRICT_OBJC_MSGSEND = YES;
				ENABLE_TESTABILITY = YES;
				ENABLE_USER_SCRIPT_SANDBOXING = YES;
				GCC_C_LANGUAGE_STANDARD = gnu11;
				GCC_DYNAMIC_NO_PIC = NO;
				GCC_NO_COMMON_BLOCKS = YES;
				GCC_OPTIMIZATION_LEVEL = 0;
				GCC_PREPROCESSOR_DEFINITIONS = (
					"DEBUG=1",
					"$(inherited)",
				);
				GCC_WARN_64_TO_32_BIT_CONVERSION = YES;
				GCC_WARN_ABOUT_RETURN_TYPE = YES_ERROR;
				GCC_WARN_UNDECLARED_SELECTOR = YES;
				GCC_WARN_UNINITIALIZED_AUTOS = YES_AGGRESSIVE;
				GCC_WARN_UNUSED_FUNCTION = YES;
				GCC_WARN_UNUSED_VARIABLE = YES;
				IPHONEOS_DEPLOYMENT_TARGET = 17.0;
				MTL_ENABLE_DEBUG_INFO = INCLUDE_SOURCE;
				MTL_FAST_MATH = YES;
				ONLY_ACTIVE_ARCH = YES;
				SDKROOT = iphoneos;
				SWIFT_ACTIVE_COMPILATION_CONDITIONS = DEBUG;
				SWIFT_OPTIMIZATION_LEVEL = "-Onone";
			};
			name = Debug;
		};
		7B23E3C22A45B0D400267C59 /* Release */ = {
			isa = XCBuildConfiguration;
			buildSettings = {
				ALWAYS_SEARCH_USER_PATHS = NO;
				CLANG_ANALYZER_NONNULL = YES;
				CLANG_ANALYZER_NUMBER_OBJECT_CONVERSION = YES_AGGRESSIVE;
				CLANG_CXX_LANGUAGE_STANDARD = "gnu++20";
				CLANG_ENABLE_MODULES = YES;
				CLANG_ENABLE_OBJC_ARC = YES;
				CLANG_ENABLE_OBJC_WEAK = YES;
				CLANG_WARN_BLOCK_CAPTURE_AUTORELEASING = YES;
				CLANG_WARN_BOOL_CONVERSION = YES;
				CLANG_WARN_COMMA = YES;
				CLANG_WARN_CONSTANT_CONVERSION = YES;
				CLANG_WARN_DEPRECATED_OBJC_IMPLEMENTATIONS = YES;
				CLANG_WARN_DIRECT_OBJC_ISA_USAGE = YES_ERROR;
				CLANG_WARN_DOCUMENTATION_COMMENTS = YES;
				CLANG_WARN_EMPTY_BODY = YES;
				CLANG_WARN_ENUM_CONVERSION = YES;
				CLANG_WARN_INFINITE_RECURSION = YES;
				CLANG_WARN_INT_CONVERSION = YES;
				CLANG_WARN_NON_LITERAL_NULL_CONVERSION = YES;
				CLANG_WARN_OBJC_IMPLICIT_RETAIN_SELF = YES;
				CLANG_WARN_OBJC_LITERAL_CONVERSION = YES;
				CLANG_WARN_OBJC_ROOT_CLASS = YES_ERROR;
				CLANG_WARN_QUOTED_INCLUDE_IN_FRAMEWORK_HEADER = YES;
				CLANG_WARN_RANGE_LOOP_ANALYSIS = YES;
				CLANG_WARN_STRICT_PROTOTYPES = YES;
				CLANG_WARN_SUSPICIOUS_MOVE = YES;
				CLANG_WARN_UNGUARDED_AVAILABILITY = YES_AGGRESSIVE;
				CLANG_WARN_UNREACHABLE_CODE = YES;
				CLANG_WARN__DUPLICATE_METHOD_MATCH = YES;
				COPY_PHASE_STRIP = NO;
				DEBUG_INFORMATION_FORMAT = "dwarf-with-dsym";
				ENABLE_NS_ASSERTIONS = NO;
				ENABLE_STRICT_OBJC_MSGSEND = YES;
				ENABLE_USER_SCRIPT_SANDBOXING = YES;
				GCC_C_LANGUAGE_STANDARD = gnu11;
				GCC_NO_COMMON_BLOCKS = YES;
				GCC_WARN_64_TO_32_BIT_CONVERSION = YES;
				GCC_WARN_ABOUT_RETURN_TYPE = YES_ERROR;
				GCC_WARN_UNDECLARED_SELECTOR = YES;
				GCC_WARN_UNINITIALIZED_AUTOS = YES_AGGRESSIVE;
				GCC_WARN_UNUSED_FUNCTION = YES;
				GCC_WARN_UNUSED_VARIABLE = YES;
				IPHONEOS_DEPLOYMENT_TARGET = 17.0;
				MTL_ENABLE_DEBUG_INFO = NO;
				MTL_FAST_MATH = YES;
				SDKROOT = iphoneos;
				SWIFT_COMPILATION_MODE = wholemodule;
				SWIFT_OPTIMIZATION_LEVEL = "-O";
				VALIDATE_PRODUCT = YES;
			};
			name = Release;
		};
		7B23E3C42A45B0D400267C59 /* Debug */ = {
			isa = XCBuildConfiguration;
			buildSettings = {
				ASSETCATALOG_COMPILER_APPICON_NAME = AppIcon;
				ASSETCATALOG_COMPILER_GLOBAL_ACCENT_COLOR_NAME = AccentColor;
				CODE_SIGN_IDENTITY = "Apple Development";
				CODE_SIGN_STYLE = Automatic;
				CURRENT_PROJECT_VERSION = 1;
				DEVELOPMENT_ASSET_PATHS = "\"WomensWorldCup2023/Preview Content\"";
				DEVELOPMENT_TEAM = "";
				ENABLE_PREVIEWS = YES;
				GENERATE_INFOPLIST_FILE = YES;
				INFOPLIST_FILE = WomensWorldCup2023/Info.plist;
				INFOPLIST_KEY_UIApplicationSceneManifest_Generation = YES;
				INFOPLIST_KEY_UIApplicationSupportsIndirectInputEvents = YES;
				INFOPLIST_KEY_UILaunchStoryboardName = "Launch Screen.storyboard";
				INFOPLIST_KEY_UISupportedInterfaceOrientations_iPad = "UIInterfaceOrientationPortrait UIInterfaceOrientationPortraitUpsideDown UIInterfaceOrientationLandscapeLeft UIInterfaceOrientationLandscapeRight";
				INFOPLIST_KEY_UISupportedInterfaceOrientations_iPhone = "UIInterfaceOrientationPortrait UIInterfaceOrientationLandscapeLeft UIInterfaceOrientationLandscapeRight";
				LD_RUNPATH_SEARCH_PATHS = (
					"$(inherited)",
					"@executable_path/Frameworks",
				);
				MARKETING_VERSION = 1.0;
				PRODUCT_BUNDLE_IDENTIFIER = com.devesmee.WomensWorldCup2023;
				PRODUCT_NAME = "$(TARGET_NAME)";
				PROVISIONING_PROFILE_SPECIFIER = "";
				SWIFT_EMIT_LOC_STRINGS = YES;
				SWIFT_VERSION = 5.0;
				TARGETED_DEVICE_FAMILY = "1,2";
			};
			name = Debug;
		};
		7B23E3C52A45B0D400267C59 /* Release */ = {
			isa = XCBuildConfiguration;
			buildSettings = {
				ASSETCATALOG_COMPILER_APPICON_NAME = AppIcon;
				ASSETCATALOG_COMPILER_GLOBAL_ACCENT_COLOR_NAME = AccentColor;
				CODE_SIGN_IDENTITY = "Apple Development";
				CODE_SIGN_STYLE = Automatic;
				CURRENT_PROJECT_VERSION = 1;
				DEVELOPMENT_ASSET_PATHS = "\"WomensWorldCup2023/Preview Content\"";
				DEVELOPMENT_TEAM = "";
				ENABLE_PREVIEWS = YES;
				GENERATE_INFOPLIST_FILE = YES;
				INFOPLIST_FILE = WomensWorldCup2023/Info.plist;
				INFOPLIST_KEY_UIApplicationSceneManifest_Generation = YES;
				INFOPLIST_KEY_UIApplicationSupportsIndirectInputEvents = YES;
				INFOPLIST_KEY_UILaunchStoryboardName = "Launch Screen.storyboard";
				INFOPLIST_KEY_UISupportedInterfaceOrientations_iPad = "UIInterfaceOrientationPortrait UIInterfaceOrientationPortraitUpsideDown UIInterfaceOrientationLandscapeLeft UIInterfaceOrientationLandscapeRight";
				INFOPLIST_KEY_UISupportedInterfaceOrientations_iPhone = "UIInterfaceOrientationPortrait UIInterfaceOrientationLandscapeLeft UIInterfaceOrientationLandscapeRight";
				LD_RUNPATH_SEARCH_PATHS = (
					"$(inherited)",
					"@executable_path/Frameworks",
				);
				MARKETING_VERSION = 1.0;
				PRODUCT_BUNDLE_IDENTIFIER = com.devesmee.WomensWorldCup2023;
				PRODUCT_NAME = "$(TARGET_NAME)";
				PROVISIONING_PROFILE_SPECIFIER = "";
				SWIFT_EMIT_LOC_STRINGS = YES;
				SWIFT_VERSION = 5.0;
				TARGETED_DEVICE_FAMILY = "1,2";
			};
			name = Release;
		};
/* End XCBuildConfiguration section */

/* Begin XCConfigurationList section */
		7B23E3B02A45B0D100267C59 /* Build configuration list for PBXProject "WomensWorldCup2023" */ = {
			isa = XCConfigurationList;
			buildConfigurations = (
				7B23E3C12A45B0D400267C59 /* Debug */,
				7B23E3C22A45B0D400267C59 /* Release */,
			);
			defaultConfigurationIsVisible = 0;
			defaultConfigurationName = Release;
		};
		7B23E3C32A45B0D400267C59 /* Build configuration list for PBXNativeTarget "WomensWorldCup2023" */ = {
			isa = XCConfigurationList;
			buildConfigurations = (
				7B23E3C42A45B0D400267C59 /* Debug */,
				7B23E3C52A45B0D400267C59 /* Release */,
			);
			defaultConfigurationIsVisible = 0;
			defaultConfigurationName = Release;
		};
/* End XCConfigurationList section */
	};
	rootObject = 7B23E3AD2A45B0D100267C59 /* Project object */;
}
